
Microsoft Visual Studio Solution File, Format Version 11.00
# Visual Studio 2010
Project("{FAE04EC0-301F-11D3-BF4B-00C04F79EFBC}") = "Assembly-CSharp", "Assembly-CSharp.csproj", "{07898F52-523B-90D1-340C-5FDF051D317B}"
EndProject
Project("{FAE04EC0-301F-11D3-BF4B-00C04F79EFBC}") = "Assembly-CSharp-Editor", "Assembly-CSharp-Editor.csproj", "{84C8CF8A-4752-441A-47CD-799975F93E59}"
EndProject
Global
	GlobalSection(SolutionConfigurationPlatforms) = preSolution
		Debug|Any CPU = Debug|Any CPU
		Release|Any CPU = Release|Any CPU
	EndGlobalSection
	GlobalSection(ProjectConfigurationPlatforms) = postSolution
		{07898F52-523B-90D1-340C-5FDF051D317B}.Debug|Any CPU.ActiveCfg = Debug|Any CPU
		{07898F52-523B-90D1-340C-5FDF051D317B}.Debug|Any CPU.Build.0 = Debug|Any CPU
		{07898F52-523B-90D1-340C-5FDF051D317B}.Release|Any CPU.ActiveCfg = Release|Any CPU
		{07898F52-523B-90D1-340C-5FDF051D317B}.Release|Any CPU.Build.0 = Release|Any CPU
		{84C8CF8A-4752-441A-47CD-799975F93E59}.Debug|Any CPU.ActiveCfg = Debug|Any CPU
		{84C8CF8A-4752-441A-47CD-799975F93E59}.Debug|Any CPU.Build.0 = Debug|Any CPU
		{84C8CF8A-4752-441A-47CD-799975F93E59}.Release|Any CPU.ActiveCfg = Release|Any CPU
		{84C8CF8A-4752-441A-47CD-799975F93E59}.Release|Any CPU.Build.0 = Release|Any CPU
	EndGlobalSection
	GlobalSection(SolutionProperties) = preSolution
		HideSolutionNode = FALSE
	EndGlobalSection
EndGlobal
